{
  "lockVersion" : 1,
  "timestamp" : "2024-08-06T19:50:19.047910Z",
  "configurations" : [
    "compile",
    "optional",
    "provided",
    "runtime",
    "scalafix",
    "test"
  ],
  "dependencies" : [
    {
      "org" : "com.github.scopt",
      "name" : "scopt_2.13",
      "version" : "4.1.0",
      "artifacts" : [
        {
          "name" : "scopt_2.13.jar",
          "hash" : "sha1:db670826c344b5c861620b0e329d86d2f9868285"
        }
      ],
      "configurations" : [
        "compile",
        "runtime",
        "test"
      ]
    },
    {
      "org" : "com.lihaoyi",
      "name" : "geny_2.13",
      "version" : "1.1.0",
      "artifacts" : [
        {
          "name" : "geny_2.13.jar",
          "hash" : "sha1:19bca2a2446743c7520d3e171b1232b1da789cf8"
        }
      ],
      "configurations" : [
        "compile",
        "runtime",
        "test"
      ]
    },
    {
      "org" : "com.lihaoyi",
      "name" : "os-lib_2.13",
      "version" : "0.10.0",
      "artifacts" : [
        {
          "name" : "os-lib_2.13.jar",
          "hash" : "sha1:f42223f6496bad51028198bae62f6fbd433ca291"
        }
      ],
      "configurations" : [
        "compile",
        "runtime",
        "test"
      ]
    },
    {
      "org" : "com.lihaoyi",
      "name" : "ujson_2.13",
      "version" : "3.3.1",
      "artifacts" : [
        {
          "name" : "ujson_2.13.jar",
          "hash" : "sha1:a8a34de3466dec81e0eb177b3ed3b11baff22848"
        }
      ],
      "configurations" : [
        "compile",
        "runtime",
        "test"
      ]
    },
    {
      "org" : "com.lihaoyi",
      "name" : "upack_2.13",
      "version" : "3.3.1",
      "artifacts" : [
        {
          "name" : "upack_2.13.jar",
          "hash" : "sha1:f4311f844500a009d7f62e965086de17344a5241"
        }
      ],
      "configurations" : [
        "compile",
        "runtime",
        "test"
      ]
    },
    {
      "org" : "com.lihaoyi",
      "name" : "upickle-core_2.13",
      "version" : "3.3.1",
      "artifacts" : [
        {
          "name" : "upickle-core_2.13.jar",
          "hash" : "sha1:5cfa517b1f67b23be103bf03d62a3b4168fc88d7"
        }
      ],
      "configurations" : [
        "compile",
        "runtime",
        "test"
      ]
    },
    {
      "org" : "com.lihaoyi",
      "name" : "upickle-implicits_2.13",
      "version" : "3.3.1",
      "artifacts" : [
        {
          "name" : "upickle-implicits_2.13.jar",
          "hash" : "sha1:69d66b5db4bee87ca9a0139b6b05d2bb8010774d"
        }
      ],
      "configurations" : [
        "compile",
        "runtime",
        "test"
      ]
    },
    {
      "org" : "com.lihaoyi",
      "name" : "upickle_2.13",
      "version" : "3.3.1",
      "artifacts" : [
        {
          "name" : "upickle_2.13.jar",
          "hash" : "sha1:f255616eeebeaf55b4548693cf625094335a42dd"
        }
      ],
      "configurations" : [
        "compile",
        "runtime",
        "test"
      ]
    },
    {
      "org" : "com.thoughtworks.paranamer",
      "name" : "paranamer",
      "version" : "2.8",
      "artifacts" : [
        {
          "name" : "paranamer.jar",
          "hash" : "sha1:619eba74c19ccf1da8ebec97a2d7f8ba05773dd6"
        }
      ],
      "configurations" : [
        "compile",
        "runtime",
        "test"
      ]
    },
    {
      "org" : "io.github.alexarchambault",
      "name" : "data-class_2.13",
      "version" : "0.2.6",
      "artifacts" : [
        {
          "name" : "data-class_2.13.jar",
          "hash" : "sha1:c59609aca7d1f7ac7b74373af88b765820a3f3fd"
        }
      ],
      "configurations" : [
        "compile",
        "runtime",
        "test"
      ]
    },
    {
      "org" : "org.apache.commons",
      "name" : "commons-lang3",
      "version" : "3.14.0",
      "artifacts" : [
        {
          "name" : "commons-lang3.jar",
          "hash" : "sha1:1ed471194b02f2c6cb734a0cd6f6f107c673afae"
        }
      ],
      "configurations" : [
        "compile",
        "runtime",
        "test"
      ]
    },
    {
      "org" : "org.apache.commons",
      "name" : "commons-text",
      "version" : "1.12.0",
      "artifacts" : [
        {
          "name" : "commons-text.jar",
          "hash" : "sha1:66aa90dc099701c4d3b14bd256c328f592ccf0d6"
        }
      ],
      "configurations" : [
        "compile",
        "runtime",
        "test"
      ]
    },
    {
      "org" : "org.chipsalliance",
      "name" : "chisel-core_2.13",
      "version" : "0.0.0+6015-e6df4cf0+20240806-1550-SNAPSHOT",
      "artifacts" : [
      ],
      "configurations" : [
        "compile",
        "optional",
        "provided",
        "runtime",
        "scalafix",
        "test"
      ]
    },
    {
      "org" : "org.chipsalliance",
      "name" : "chisel-macros_2.13",
      "version" : "0.0.0+6015-e6df4cf0+20240806-1550-SNAPSHOT",
      "artifacts" : [
      ],
      "configurations" : [
        "compile",
        "optional",
        "provided",
        "runtime",
        "scalafix",
        "test"
      ]
    },
    {
      "org" : "org.chipsalliance",
      "name" : "firrtl_2.13",
      "version" : "0.0.0+6015-e6df4cf0+20240806-1550-SNAPSHOT",
      "artifacts" : [
      ],
      "configurations" : [
        "compile",
        "optional",
        "provided",
        "runtime",
        "scalafix",
        "test"
      ]
    },
    {
      "org" : "org.chipsalliance",
      "name" : "firtool-resolver_2.13",
      "version" : "2.0.0",
      "artifacts" : [
        {
          "name" : "firtool-resolver_2.13.jar",
          "hash" : "sha1:09346fcbf1edf1f7838ffd65a68e90f271d072ae"
        }
      ],
      "configurations" : [
        "compile",
        "runtime",
        "test"
      ]
    },
    {
      "org" : "org.chipsalliance",
      "name" : "svsim_2.13",
      "version" : "0.0.0+6015-e6df4cf0+20240806-1550-SNAPSHOT",
      "artifacts" : [
      ],
      "configurations" : [
        "compile",
        "optional",
        "provided",
        "runtime",
        "scalafix",
        "test"
      ]
    },
    {
      "org" : "org.json4s",
      "name" : "json4s-ast_2.13",
      "version" : "4.0.7",
      "artifacts" : [
        {
          "name" : "json4s-ast_2.13.jar",
          "hash" : "sha1:ed5f5779d939cd30b052adfef049032491bb258c"
        }
      ],
      "configurations" : [
        "compile",
        "runtime",
        "test"
      ]
    },
    {
      "org" : "org.json4s",
      "name" : "json4s-core_2.13",
      "version" : "4.0.7",
      "artifacts" : [
        {
          "name" : "json4s-core_2.13.jar",
          "hash" : "sha1:309c43ab95fb94afe085aed2591e47771c78cec9"
        }
      ],
      "configurations" : [
        "compile",
        "runtime",
        "test"
      ]
    },
    {
      "org" : "org.json4s",
      "name" : "json4s-native-core_2.13",
      "version" : "4.0.7",
      "artifacts" : [
        {
          "name" : "json4s-native-core_2.13.jar",
          "hash" : "sha1:1b8b6a8f66f15028119ea205eb5d92e2ba7f15ca"
        }
      ],
      "configurations" : [
        "compile",
        "runtime",
        "test"
      ]
    },
    {
      "org" : "org.json4s",
      "name" : "json4s-native_2.13",
      "version" : "4.0.7",
      "artifacts" : [
        {
          "name" : "json4s-native_2.13.jar",
          "hash" : "sha1:d70522c2f241a3122bd41c3c9caf640c40db9649"
        }
      ],
      "configurations" : [
        "compile",
        "runtime",
        "test"
      ]
    },
    {
      "org" : "org.json4s",
      "name" : "json4s-scalap_2.13",
      "version" : "4.0.7",
      "artifacts" : [
        {
          "name" : "json4s-scalap_2.13.jar",
          "hash" : "sha1:2a5f4082412c102cea496250491155ed7c8a56ec"
        }
      ],
      "configurations" : [
        "compile",
        "runtime",
        "test"
      ]
    },
    {
      "org" : "org.scala-lang",
      "name" : "scala-library",
      "version" : "2.13.14",
      "artifacts" : [
        {
          "name" : "scala-library.jar",
          "hash" : "sha1:f8b4afe89abe48ca670f620c7da89b71f93e6546"
        }
      ],
      "configurations" : [
        "compile",
        "runtime",
        "test"
      ]
    },
    {
      "org" : "org.scala-lang",
      "name" : "scala-reflect",
      "version" : "2.13.14",
      "artifacts" : [
        {
          "name" : "scala-reflect.jar",
          "hash" : "sha1:8e275fefb2a01e178db2cdfebb2181062a790b82"
        }
      ],
      "configurations" : [
        "compile",
        "runtime",
        "test"
      ]
    },
    {
      "org" : "org.scala-lang.modules",
      "name" : "scala-collection-compat_2.13",
      "version" : "2.11.0",
      "artifacts" : [
        {
          "name" : "scala-collection-compat_2.13.jar",
          "hash" : "sha1:a1d1a4591c59ac01f041762692d81879accd849b"
        }
      ],
      "configurations" : [
        "compile",
        "runtime",
        "test"
      ]
    },
    {
      "org" : "org.scala-lang.modules",
      "name" : "scala-parallel-collections_2.13",
      "version" : "1.0.4",
      "artifacts" : [
        {
          "name" : "scala-parallel-collections_2.13.jar",
          "hash" : "sha1:9846d1ed01f24e90d7f9495987033b8274835431"
        }
      ],
      "configurations" : [
        "compile",
        "runtime",
        "test"
      ]
    },
    {
      "org" : "org.scala-lang.modules",
      "name" : "scala-xml_2.13",
      "version" : "2.2.0",
      "artifacts" : [
        {
          "name" : "scala-xml_2.13.jar",
          "hash" : "sha1:00731a76aacf11a92eb639af55cea44248426056"
        }
      ],
      "configurations" : [
        "compile",
        "runtime",
        "test"
      ]
    },
    {
      "org" : "org.scala-sbt",
      "name" : "test-interface",
      "version" : "1.0",
      "artifacts" : [
        {
          "name" : "test-interface.jar",
          "hash" : "sha1:0a3f14d010c4cb32071f863d97291df31603b521"
        }
      ],
      "configurations" : [
        "test"
      ]
    },
    {
      "org" : "org.scalacheck",
      "name" : "scalacheck_2.13",
      "version" : "1.18.0",
      "artifacts" : [
        {
          "name" : "scalacheck_2.13.jar",
          "hash" : "sha1:d1f42d8ab8d560883d23dfe33d8bf6f12c35f5fc"
        }
      ],
      "configurations" : [
        "test"
      ]
    },
    {
      "org" : "org.scalactic",
      "name" : "scalactic_2.13",
      "version" : "3.2.19",
      "artifacts" : [
        {
          "name" : "scalactic_2.13.jar",
          "hash" : "sha1:0afa3b540f0d63342d8be3aa946c4dbfff3bb7cd"
        }
      ],
      "configurations" : [
        "test"
      ]
    },
    {
      "org" : "org.scalatest",
      "name" : "scalatest-compatible",
      "version" : "3.2.19",
      "artifacts" : [
        {
          "name" : "scalatest-compatible.jar",
          "hash" : "sha1:609bc82cc06a1322f60039a81fc003ee81d7064f"
        }
      ],
      "configurations" : [
        "test"
      ]
    },
    {
      "org" : "org.scalatest",
      "name" : "scalatest-core_2.13",
      "version" : "3.2.19",
      "artifacts" : [
        {
          "name" : "scalatest-core_2.13.jar",
          "hash" : "sha1:b39ebf9182d014bd9e0c6391b0677b90acc6dce4"
        }
      ],
      "configurations" : [
        "test"
      ]
    },
    {
      "org" : "org.scalatest",
      "name" : "scalatest-diagrams_2.13",
      "version" : "3.2.19",
      "artifacts" : [
        {
          "name" : "scalatest-diagrams_2.13.jar",
          "hash" : "sha1:627ce69bcab1472c163537d8183506c02340bf71"
        }
      ],
      "configurations" : [
        "test"
      ]
    },
    {
      "org" : "org.scalatest",
      "name" : "scalatest-featurespec_2.13",
      "version" : "3.2.19",
      "artifacts" : [
        {
          "name" : "scalatest-featurespec_2.13.jar",
          "hash" : "sha1:3732488eb1e6c7a1f164c9373f7cb4688161e60e"
        }
      ],
      "configurations" : [
        "test"
      ]
    },
    {
      "org" : "org.scalatest",
      "name" : "scalatest-flatspec_2.13",
      "version" : "3.2.19",
      "artifacts" : [
        {
          "name" : "scalatest-flatspec_2.13.jar",
          "hash" : "sha1:8f5472ac09054656b578c6c57d780b547c88c9f7"
        }
      ],
      "configurations" : [
        "test"
      ]
    },
    {
      "org" : "org.scalatest",
      "name" : "scalatest-freespec_2.13",
      "version" : "3.2.19",
      "artifacts" : [
        {
          "name" : "scalatest-freespec_2.13.jar",
          "hash" : "sha1:a656612babdeeecb83bc45de091344b800a1d011"
        }
      ],
      "configurations" : [
        "test"
      ]
    },
    {
      "org" : "org.scalatest",
      "name" : "scalatest-funspec_2.13",
      "version" : "3.2.19",
      "artifacts" : [
        {
          "name" : "scalatest-funspec_2.13.jar",
          "hash" : "sha1:295dae100ffa67e7d12f99296b07d062dce0baf9"
        }
      ],
      "configurations" : [
        "test"
      ]
    },
    {
      "org" : "org.scalatest",
      "name" : "scalatest-funsuite_2.13",
      "version" : "3.2.19",
      "artifacts" : [
        {
          "name" : "scalatest-funsuite_2.13.jar",
          "hash" : "sha1:b10b4b432147a94747ccbcc2bc31fffd094ba43e"
        }
      ],
      "configurations" : [
        "test"
      ]
    },
    {
      "org" : "org.scalatest",
      "name" : "scalatest-matchers-core_2.13",
      "version" : "3.2.19",
      "artifacts" : [
        {
          "name" : "scalatest-matchers-core_2.13.jar",
          "hash" : "sha1:a1a6243b90957ddc718ab6e390b4a32e9122936e"
        }
      ],
      "configurations" : [
        "test"
      ]
    },
    {
      "org" : "org.scalatest",
      "name" : "scalatest-mustmatchers_2.13",
      "version" : "3.2.19",
      "artifacts" : [
        {
          "name" : "scalatest-mustmatchers_2.13.jar",
          "hash" : "sha1:0b6604e85a24b401e7e3ea6a896bd17f0e52af15"
        }
      ],
      "configurations" : [
        "test"
      ]
    },
    {
      "org" : "org.scalatest",
      "name" : "scalatest-propspec_2.13",
      "version" : "3.2.19",
      "artifacts" : [
        {
          "name" : "scalatest-propspec_2.13.jar",
          "hash" : "sha1:2d38d275d74f547a3388f1ed9e149b2124f0fc66"
        }
      ],
      "configurations" : [
        "test"
      ]
    },
    {
      "org" : "org.scalatest",
      "name" : "scalatest-refspec_2.13",
      "version" : "3.2.19",
      "artifacts" : [
        {
          "name" : "scalatest-refspec_2.13.jar",
          "hash" : "sha1:57eef43635589a398eaef6651ca1181e714a5686"
        }
      ],
      "configurations" : [
        "test"
      ]
    },
    {
      "org" : "org.scalatest",
      "name" : "scalatest-shouldmatchers_2.13",
      "version" : "3.2.19",
      "artifacts" : [
        {
          "name" : "scalatest-shouldmatchers_2.13.jar",
          "hash" : "sha1:acdabf60d810ebede4263e7182893078c5fa1114"
        }
      ],
      "configurations" : [
        "test"
      ]
    },
    {
      "org" : "org.scalatest",
      "name" : "scalatest-wordspec_2.13",
      "version" : "3.2.19",
      "artifacts" : [
        {
          "name" : "scalatest-wordspec_2.13.jar",
          "hash" : "sha1:8408dbc887b65932c42389d4af15ad231078baf6"
        }
      ],
      "configurations" : [
        "test"
      ]
    },
    {
      "org" : "org.scalatest",
      "name" : "scalatest_2.13",
      "version" : "3.2.19",
      "artifacts" : [
        {
          "name" : "scalatest_2.13.jar",
          "hash" : "sha1:7635de1f38369f1c46df062bb475e0d3d60bf152"
        }
      ],
      "configurations" : [
        "test"
      ]
    },
    {
      "org" : "org.scalatestplus",
      "name" : "scalacheck-1-18_2.13",
      "version" : "3.2.19.0",
      "artifacts" : [
        {
          "name" : "scalacheck-1-18_2.13.jar",
          "hash" : "sha1:17e5930f3ff84a72352d2e20c3746336995bfaec"
        }
      ],
      "configurations" : [
        "test"
      ]
    }
  ]
}