{
  "lockVersion" : 1,
  "timestamp" : "2024-08-11T03:50:34.249823Z",
  "configurations" : [
    "compile",
    "optional",
    "provided",
    "runtime",
    "scalafix",
    "test"
  ],
  "dependencies" : [
    {
      "org" : "net.java.dev.jna",
      "name" : "jna",
      "version" : "5.9.0",
      "artifacts" : [
        {
          "name" : "jna.jar",
          "hash" : "sha1:8f503e6d9b500ceff299052d6be75b38c7257758"
        }
      ],
      "configurations" : [
        "compile",
        "runtime",
        "test"
      ]
    },
    {
      "org" : "org.jline",
      "name" : "jline",
      "version" : "3.21.0",
      "artifacts" : [
        {
          "name" : "jline.jar",
          "hash" : "sha1:2bf6f2311356f309fda0412e9389d2499346b5a1"
        }
      ],
      "configurations" : [
        "compile",
        "runtime",
        "test"
      ]
    },
    {
      "org" : "org.scala-lang",
      "name" : "scala-compiler",
      "version" : "2.13.8",
      "artifacts" : [
        {
          "name" : "scala-compiler.jar",
          "hash" : "sha1:dc45b9539f8f3b850baf3debc1fc7d1b4a0e62af"
        }
      ],
      "configurations" : [
        "compile",
        "runtime",
        "test"
      ]
    },
    {
      "org" : "org.scala-lang",
      "name" : "scala-library",
      "version" : "2.13.8",
      "artifacts" : [
        {
          "name" : "scala-library.jar",
          "hash" : "sha1:5a865f03a794b27e6491740c4c419a19e4511a3d"
        }
      ],
      "configurations" : [
        "compile",
        "runtime",
        "test"
      ]
    },
    {
      "org" : "org.scala-lang",
      "name" : "scala-reflect",
      "version" : "2.13.8",
      "artifacts" : [
        {
          "name" : "scala-reflect.jar",
          "hash" : "sha1:994b004d041b18724ec298a135c37e7817d369ec"
        }
      ],
      "configurations" : [
        "compile",
        "runtime",
        "test"
      ]
    }
  ]
}