{
  "lockVersion" : 1,
  "timestamp" : "2024-08-11T03:50:34.172855Z",
  "configurations" : [
    "compile",
    "optional",
    "provided",
    "runtime",
    "scalafix",
    "test"
  ],
  "dependencies" : [
    {
      "org" : "org.scala-lang",
      "name" : "scala-library",
      "version" : "2.13.8",
      "artifacts" : [
        {
          "name" : "scala-library.jar",
          "hash" : "sha1:5a865f03a794b27e6491740c4c419a19e4511a3d"
        }
      ],
      "configurations" : [
        "compile",
        "runtime",
        "test"
      ]
    },
    {
      "org" : "org.scala-lang",
      "name" : "scala-reflect",
      "version" : "2.13.8",
      "artifacts" : [
        {
          "name" : "scala-reflect.jar",
          "hash" : "sha1:994b004d041b18724ec298a135c37e7817d369ec"
        }
      ],
      "configurations" : [
        "compile",
        "runtime",
        "test"
      ]
    }
  ]
}