{
  "lockVersion" : 1,
  "timestamp" : "2024-08-06T19:50:18.116008Z",
  "configurations" : [
    "compile",
    "optional",
    "provided",
    "runtime",
    "scalafix",
    "test"
  ],
  "dependencies" : [
    {
      "org" : "org.scala-lang",
      "name" : "scala-library",
      "version" : "2.13.14",
      "artifacts" : [
        {
          "name" : "scala-library.jar",
          "hash" : "sha1:f8b4afe89abe48ca670f620c7da89b71f93e6546"
        }
      ],
      "configurations" : [
        "compile",
        "runtime",
        "test"
      ]
    },
    {
      "org" : "org.scala-lang",
      "name" : "scala-reflect",
      "version" : "2.13.14",
      "artifacts" : [
        {
          "name" : "scala-reflect.jar",
          "hash" : "sha1:8e275fefb2a01e178db2cdfebb2181062a790b82"
        }
      ],
      "configurations" : [
        "compile",
        "runtime",
        "test"
      ]
    }
  ]
}